
Microsoft Visual Studio Solution File, Format Version 12.00
# Visual Studio Version 16
VisualStudioVersion = 16.0.32228.343
MinimumVisualStudioVersion = 10.0.40219.1
Project("{FAE04EC0-301F-11D3-BF4B-00C04F79EFBC}") = "7.homework", "7.homework\7.homework.csproj", "{D0B5FC21-B587-4725-9B88-C422075D08DC}"
EndProject
Global
	GlobalSection(SolutionConfigurationPlatforms) = preSolution
		Debug|Any CPU = Debug|Any CPU
		Release|Any CPU = Release|Any CPU
	EndGlobalSection
	GlobalSection(ProjectConfigurationPlatforms) = postSolution
		{D0B5FC21-B587-4725-9B88-C422075D08DC}.Debug|Any CPU.ActiveCfg = Debug|Any CPU
		{D0B5FC21-B587-4725-9B88-C422075D08DC}.Debug|Any CPU.Build.0 = Debug|Any CPU
		{D0B5FC21-B587-4725-9B88-C422075D08DC}.Release|Any CPU.ActiveCfg = Release|Any CPU
		{D0B5FC21-B587-4725-9B88-C422075D08DC}.Release|Any CPU.Build.0 = Release|Any CPU
	EndGlobalSection
	GlobalSection(SolutionProperties) = preSolution
		HideSolutionNode = FALSE
	EndGlobalSection
	GlobalSection(ExtensibilityGlobals) = postSolution
		SolutionGuid = {CAFB8370-BD8C-4484-8E8B-B0F88C8BC3D9}
	EndGlobalSection
EndGlobal
